// !$*UTF8*$!
{
	archiveVersion = 1;
	classes = {
	};
	objectVersion = 46;
	objects = {

/* Begin PBXBuildFile section */
		93B523C313FA0DB60061566A /* UIKit.framework in Frameworks */ = {isa = PBXBuildFile; fileRef = 93B523C213FA0DB60061566A /* UIKit.framework */; };
		93B523C513FA0DB60061566A /* Foundation.framework in Frameworks */ = {isa = PBXBuildFile; fileRef = 93B523C413FA0DB60061566A /* Foundation.framework */; };
		93B523C713FA0DB60061566A /* CoreGraphics.framework in Frameworks */ = {isa = PBXBuildFile; fileRef = 93B523C613FA0DB60061566A /* CoreGraphics.framework */; };
		93B523CD13FA0DB60061566A /* InfoPlist.strings in Resources */ = {isa = PBXBuildFile; fileRef = 93B523CB13FA0DB60061566A /* InfoPlist.strings */; };
		93B523CF13FA0DB60061566A /* main.m in Sources */ = {isa = PBXBuildFile; fileRef = 93B523CE13FA0DB60061566A /* main.m */; };
		93B523D313FA0DB60061566A /* iRestAppDelegate.m in Sources */ = {isa = PBXBuildFile; fileRef = 93B523D213FA0DB60061566A /* iRestAppDelegate.m */; };
		93B523D613FA0DB60061566A /* MainWindow.xib in Resources */ = {isa = PBXBuildFile; fileRef = 93B523D413FA0DB60061566A /* MainWindow.xib */; };
		93B523D913FA0DB60061566A /* iRestViewController.m in Sources */ = {isa = PBXBuildFile; fileRef = 93B523D813FA0DB60061566A /* iRestViewController.m */; };
		93B523DC13FA0DB60061566A /* iRestViewController.xib in Resources */ = {isa = PBXBuildFile; fileRef = 93B523DA13FA0DB60061566A /* iRestViewController.xib */; };
		93B523E413FA0DB60061566A /* SenTestingKit.framework in Frameworks */ = {isa = PBXBuildFile; fileRef = 93B523E313FA0DB60061566A /* SenTestingKit.framework */; };
		93B523E513FA0DB60061566A /* UIKit.framework in Frameworks */ = {isa = PBXBuildFile; fileRef = 93B523C213FA0DB60061566A /* UIKit.framework */; };
		93B523E613FA0DB60061566A /* Foundation.framework in Frameworks */ = {isa = PBXBuildFile; fileRef = 93B523C413FA0DB60061566A /* Foundation.framework */; };
		93B523E713FA0DB60061566A /* CoreGraphics.framework in Frameworks */ = {isa = PBXBuildFile; fileRef = 93B523C613FA0DB60061566A /* CoreGraphics.framework */; };
		93B523EF13FA0DB60061566A /* InfoPlist.strings in Resources */ = {isa = PBXBuildFile; fileRef = 93B523ED13FA0DB60061566A /* InfoPlist.strings */; };
		93B523F113FA0DB60061566A /* iRestTests.h in Resources */ = {isa = PBXBuildFile; fileRef = 93B523F013FA0DB60061566A /* iRestTests.h */; };
		93B523F313FA0DB60061566A /* iRestTests.m in Sources */ = {isa = PBXBuildFile; fileRef = 93B523F213FA0DB60061566A /* iRestTests.m */; };
		93B5244E13FAEFFE0061566A /* CFNetwork.framework in Frameworks */ = {isa = PBXBuildFile; fileRef = 93B5244D13FAEFFE0061566A /* CFNetwork.framework */; };
		93B5245013FAF01B0061566A /* SystemConfiguration.framework in Frameworks */ = {isa = PBXBuildFile; fileRef = 93B5244F13FAF01B0061566A /* SystemConfiguration.framework */; };
		93B5245213FAF02E0061566A /* MobileCoreServices.framework in Frameworks */ = {isa = PBXBuildFile; fileRef = 93B5245113FAF02E0061566A /* MobileCoreServices.framework */; };
		93B5245913FAF4C10061566A /* libz.1.2.3.dylib in Frameworks */ = {isa = PBXBuildFile; fileRef = 93B5245813FAF4C10061566A /* libz.1.2.3.dylib */; };
		93B5245A13FAF59C0061566A /* ASIHTTPRequest.m in Sources */ = {isa = PBXBuildFile; fileRef = 93B5244213FAEDC60061566A /* ASIHTTPRequest.m */; };
		93B5245B13FAF5C40061566A /* ASIAuthenticationDialog.m in Sources */ = {isa = PBXBuildFile; fileRef = 93B5243713FAEDC60061566A /* ASIAuthenticationDialog.m */; };
		93B5245C13FAF5C40061566A /* ASIDataCompressor.m in Sources */ = {isa = PBXBuildFile; fileRef = 93B5243A13FAEDC60061566A /* ASIDataCompressor.m */; };
		93B5245D13FAF5C40061566A /* ASIDataDecompressor.m in Sources */ = {isa = PBXBuildFile; fileRef = 93B5243C13FAEDC60061566A /* ASIDataDecompressor.m */; };
		93B5245E13FAF5C40061566A /* ASIDownloadCache.m in Sources */ = {isa = PBXBuildFile; fileRef = 93B5243E13FAEDC60061566A /* ASIDownloadCache.m */; };
		93B5245F13FAF5C40061566A /* ASIFormDataRequest.m in Sources */ = {isa = PBXBuildFile; fileRef = 93B5244013FAEDC60061566A /* ASIFormDataRequest.m */; };
		93B5246013FAF5C40061566A /* ASIInputStream.m in Sources */ = {isa = PBXBuildFile; fileRef = 93B5244613FAEDC60061566A /* ASIInputStream.m */; };
		93B5246113FAF5C40061566A /* ASINetworkQueue.m in Sources */ = {isa = PBXBuildFile; fileRef = 93B5244813FAEDC60061566A /* ASINetworkQueue.m */; };
		93B5246213FAF5C40061566A /* Reachability.m in Sources */ = {isa = PBXBuildFile; fileRef = 93B5244C13FAEDC60061566A /* Reachability.m */; };
/* End PBXBuildFile section */

/* Begin PBXContainerItemProxy section */
		93B523E813FA0DB60061566A /* PBXContainerItemProxy */ = {
			isa = PBXContainerItemProxy;
			containerPortal = 93B523B513FA0DB60061566A /* Project object */;
			proxyType = 1;
			remoteGlobalIDString = 93B523BD13FA0DB60061566A;
			remoteInfo = iRest;
		};
/* End PBXContainerItemProxy section */

/* Begin PBXFileReference section */
		93B523BE13FA0DB60061566A /* iRest.app */ = {isa = PBXFileReference; explicitFileType = wrapper.application; includeInIndex = 0; path = iRest.app; sourceTree = BUILT_PRODUCTS_DIR; };
		93B523C213FA0DB60061566A /* UIKit.framework */ = {isa = PBXFileReference; lastKnownFileType = wrapper.framework; name = UIKit.framework; path = System/Library/Frameworks/UIKit.framework; sourceTree = SDKROOT; };
		93B523C413FA0DB60061566A /* Foundation.framework */ = {isa = PBXFileReference; lastKnownFileType = wrapper.framework; name = Foundation.framework; path = System/Library/Frameworks/Foundation.framework; sourceTree = SDKROOT; };
		93B523C613FA0DB60061566A /* CoreGraphics.framework */ = {isa = PBXFileReference; lastKnownFileType = wrapper.framework; name = CoreGraphics.framework; path = System/Library/Frameworks/CoreGraphics.framework; sourceTree = SDKROOT; };
		93B523CA13FA0DB60061566A /* iRest-Info.plist */ = {isa = PBXFileReference; lastKnownFileType = text.plist.xml; path = "iRest-Info.plist"; sourceTree = "<group>"; };
		93B523CC13FA0DB60061566A /* en */ = {isa = PBXFileReference; lastKnownFileType = text.plist.strings; name = en; path = en.lproj/InfoPlist.strings; sourceTree = "<group>"; };
		93B523CE13FA0DB60061566A /* main.m */ = {isa = PBXFileReference; lastKnownFileType = sourcecode.c.objc; path = main.m; sourceTree = "<group>"; };
		93B523D013FA0DB60061566A /* iRest-Prefix.pch */ = {isa = PBXFileReference; lastKnownFileType = sourcecode.c.h; path = "iRest-Prefix.pch"; sourceTree = "<group>"; };
		93B523D113FA0DB60061566A /* iRestAppDelegate.h */ = {isa = PBXFileReference; lastKnownFileType = sourcecode.c.h; path = iRestAppDelegate.h; sourceTree = "<group>"; };
		93B523D213FA0DB60061566A /* iRestAppDelegate.m */ = {isa = PBXFileReference; lastKnownFileType = sourcecode.c.objc; path = iRestAppDelegate.m; sourceTree = "<group>"; };
		93B523D513FA0DB60061566A /* en */ = {isa = PBXFileReference; lastKnownFileType = file.xib; name = en; path = en.lproj/MainWindow.xib; sourceTree = "<group>"; };
		93B523D713FA0DB60061566A /* iRestViewController.h */ = {isa = PBXFileReference; lastKnownFileType = sourcecode.c.h; path = iRestViewController.h; sourceTree = "<group>"; };
		93B523D813FA0DB60061566A /* iRestViewController.m */ = {isa = PBXFileReference; lastKnownFileType = sourcecode.c.objc; path = iRestViewController.m; sourceTree = "<group>"; };
		93B523DB13FA0DB60061566A /* en */ = {isa = PBXFileReference; lastKnownFileType = file.xib; name = en; path = en.lproj/iRestViewController.xib; sourceTree = "<group>"; };
		93B523E213FA0DB60061566A /* iRestTests.octest */ = {isa = PBXFileReference; explicitFileType = wrapper.cfbundle; includeInIndex = 0; path = iRestTests.octest; sourceTree = BUILT_PRODUCTS_DIR; };
		93B523E313FA0DB60061566A /* SenTestingKit.framework */ = {isa = PBXFileReference; lastKnownFileType = wrapper.framework; name = SenTestingKit.framework; path = Library/Frameworks/SenTestingKit.framework; sourceTree = DEVELOPER_DIR; };
		93B523EC13FA0DB60061566A /* iRestTests-Info.plist */ = {isa = PBXFileReference; lastKnownFileType = text.plist.xml; path = "iRestTests-Info.plist"; sourceTree = "<group>"; };
		93B523EE13FA0DB60061566A /* en */ = {isa = PBXFileReference; lastKnownFileType = text.plist.strings; name = en; path = en.lproj/InfoPlist.strings; sourceTree = "<group>"; };
		93B523F013FA0DB60061566A /* iRestTests.h */ = {isa = PBXFileReference; lastKnownFileType = sourcecode.c.h; path = iRestTests.h; sourceTree = "<group>"; };
		93B523F213FA0DB60061566A /* iRestTests.m */ = {isa = PBXFileReference; lastKnownFileType = sourcecode.c.objc; path = iRestTests.m; sourceTree = "<group>"; };
		93B5243613FAEDC60061566A /* ASIAuthenticationDialog.h */ = {isa = PBXFileReference; lastKnownFileType = sourcecode.c.h; path = ASIAuthenticationDialog.h; sourceTree = "<group>"; };
		93B5243713FAEDC60061566A /* ASIAuthenticationDialog.m */ = {isa = PBXFileReference; lastKnownFileType = sourcecode.c.objc; path = ASIAuthenticationDialog.m; sourceTree = "<group>"; };
		93B5243813FAEDC60061566A /* ASICacheDelegate.h */ = {isa = PBXFileReference; lastKnownFileType = sourcecode.c.h; path = ASICacheDelegate.h; sourceTree = "<group>"; };
		93B5243913FAEDC60061566A /* ASIDataCompressor.h */ = {isa = PBXFileReference; lastKnownFileType = sourcecode.c.h; path = ASIDataCompressor.h; sourceTree = "<group>"; };
		93B5243A13FAEDC60061566A /* ASIDataCompressor.m */ = {isa = PBXFileReference; lastKnownFileType = sourcecode.c.objc; path = ASIDataCompressor.m; sourceTree = "<group>"; };
		93B5243B13FAEDC60061566A /* ASIDataDecompressor.h */ = {isa = PBXFileReference; lastKnownFileType = sourcecode.c.h; path = ASIDataDecompressor.h; sourceTree = "<group>"; };
		93B5243C13FAEDC60061566A /* ASIDataDecompressor.m */ = {isa = PBXFileReference; lastKnownFileType = sourcecode.c.objc; path = ASIDataDecompressor.m; sourceTree = "<group>"; };
		93B5243D13FAEDC60061566A /* ASIDownloadCache.h */ = {isa = PBXFileReference; lastKnownFileType = sourcecode.c.h; path = ASIDownloadCache.h; sourceTree = "<group>"; };
		93B5243E13FAEDC60061566A /* ASIDownloadCache.m */ = {isa = PBXFileReference; lastKnownFileType = sourcecode.c.objc; path = ASIDownloadCache.m; sourceTree = "<group>"; };
		93B5243F13FAEDC60061566A /* ASIFormDataRequest.h */ = {isa = PBXFileReference; lastKnownFileType = sourcecode.c.h; path = ASIFormDataRequest.h; sourceTree = "<group>"; };
		93B5244013FAEDC60061566A /* ASIFormDataRequest.m */ = {isa = PBXFileReference; lastKnownFileType = sourcecode.c.objc; path = ASIFormDataRequest.m; sourceTree = "<group>"; };
		93B5244113FAEDC60061566A /* ASIHTTPRequest.h */ = {isa = PBXFileReference; lastKnownFileType = sourcecode.c.h; path = ASIHTTPRequest.h; sourceTree = "<group>"; };
		93B5244213FAEDC60061566A /* ASIHTTPRequest.m */ = {isa = PBXFileReference; lastKnownFileType = sourcecode.c.objc; path = ASIHTTPRequest.m; sourceTree = "<group>"; };
		93B5244313FAEDC60061566A /* ASIHTTPRequestConfig.h */ = {isa = PBXFileReference; lastKnownFileType = sourcecode.c.h; path = ASIHTTPRequestConfig.h; sourceTree = "<group>"; };
		93B5244413FAEDC60061566A /* ASIHTTPRequestDelegate.h */ = {isa = PBXFileReference; lastKnownFileType = sourcecode.c.h; path = ASIHTTPRequestDelegate.h; sourceTree = "<group>"; };
		93B5244513FAEDC60061566A /* ASIInputStream.h */ = {isa = PBXFileReference; lastKnownFileType = sourcecode.c.h; path = ASIInputStream.h; sourceTree = "<group>"; };
		93B5244613FAEDC60061566A /* ASIInputStream.m */ = {isa = PBXFileReference; lastKnownFileType = sourcecode.c.objc; path = ASIInputStream.m; sourceTree = "<group>"; };
		93B5244713FAEDC60061566A /* ASINetworkQueue.h */ = {isa = PBXFileReference; lastKnownFileType = sourcecode.c.h; path = ASINetworkQueue.h; sourceTree = "<group>"; };
		93B5244813FAEDC60061566A /* ASINetworkQueue.m */ = {isa = PBXFileReference; lastKnownFileType = sourcecode.c.objc; path = ASINetworkQueue.m; sourceTree = "<group>"; };
		93B5244913FAEDC60061566A /* ASIProgressDelegate.h */ = {isa = PBXFileReference; lastKnownFileType = sourcecode.c.h; path = ASIProgressDelegate.h; sourceTree = "<group>"; };
		93B5244B13FAEDC60061566A /* Reachability.h */ = {isa = PBXFileReference; lastKnownFileType = sourcecode.c.h; path = Reachability.h; sourceTree = "<group>"; };
		93B5244C13FAEDC60061566A /* Reachability.m */ = {isa = PBXFileReference; lastKnownFileType = sourcecode.c.objc; path = Reachability.m; sourceTree = "<group>"; };
		93B5244D13FAEFFE0061566A /* CFNetwork.framework */ = {isa = PBXFileReference; lastKnownFileType = wrapper.framework; name = CFNetwork.framework; path = System/Library/Frameworks/CFNetwork.framework; sourceTree = SDKROOT; };
		93B5244F13FAF01B0061566A /* SystemConfiguration.framework */ = {isa = PBXFileReference; lastKnownFileType = wrapper.framework; name = SystemConfiguration.framework; path = System/Library/Frameworks/SystemConfiguration.framework; sourceTree = SDKROOT; };
		93B5245113FAF02E0061566A /* MobileCoreServices.framework */ = {isa = PBXFileReference; lastKnownFileType = wrapper.framework; name = MobileCoreServices.framework; path = System/Library/Frameworks/MobileCoreServices.framework; sourceTree = SDKROOT; };
		93B5245513FAF0FA0061566A /* CoreGraphics.framework */ = {isa = PBXFileReference; lastKnownFileType = wrapper.framework; name = CoreGraphics.framework; path = System/Library/Frameworks/CoreGraphics.framework; sourceTree = SDKROOT; };
		93B5245813FAF4C10061566A /* libz.1.2.3.dylib */ = {isa = PBXFileReference; lastKnownFileType = "compiled.mach-o.dylib"; name = libz.1.2.3.dylib; path = usr/lib/libz.1.2.3.dylib; sourceTree = SDKROOT; };
/* End PBXFileReference section */

/* Begin PBXFrameworksBuildPhase section */
		93B523BB13FA0DB60061566A /* Frameworks */ = {
			isa = PBXFrameworksBuildPhase;
			buildActionMask = 2147483647;
			files = (
				93B5245913FAF4C10061566A /* libz.1.2.3.dylib in Frameworks */,
				93B523C713FA0DB60061566A /* CoreGraphics.framework in Frameworks */,
				93B5245213FAF02E0061566A /* MobileCoreServices.framework in Frameworks */,
				93B5245013FAF01B0061566A /* SystemConfiguration.framework in Frameworks */,
				93B5244E13FAEFFE0061566A /* CFNetwork.framework in Frameworks */,
				93B523C313FA0DB60061566A /* UIKit.framework in Frameworks */,
				93B523C513FA0DB60061566A /* Foundation.framework in Frameworks */,
			);
			runOnlyForDeploymentPostprocessing = 0;
		};
		93B523DE13FA0DB60061566A /* Frameworks */ = {
			isa = PBXFrameworksBuildPhase;
			buildActionMask = 2147483647;
			files = (
				93B523E413FA0DB60061566A /* SenTestingKit.framework in Frameworks */,
				93B523E513FA0DB60061566A /* UIKit.framework in Frameworks */,
				93B523E613FA0DB60061566A /* Foundation.framework in Frameworks */,
				93B523E713FA0DB60061566A /* CoreGraphics.framework in Frameworks */,
			);
			runOnlyForDeploymentPostprocessing = 0;
		};
/* End PBXFrameworksBuildPhase section */

/* Begin PBXGroup section */
		93B523B313FA0DB60061566A = {
			isa = PBXGroup;
			children = (
				93B5243513FAEDC60061566A /* ASIHTTP */,
				93B523C813FA0DB60061566A /* iRest */,
				93B523EA13FA0DB60061566A /* iRestTests */,
				93B523C113FA0DB60061566A /* Frameworks */,
				93B523BF13FA0DB60061566A /* Products */,
			);
			sourceTree = "<group>";
		};
		93B523BF13FA0DB60061566A /* Products */ = {
			isa = PBXGroup;
			children = (
				93B523BE13FA0DB60061566A /* iRest.app */,
				93B523E213FA0DB60061566A /* iRestTests.octest */,
			);
			name = Products;
			sourceTree = "<group>";
		};
		93B523C113FA0DB60061566A /* Frameworks */ = {
			isa = PBXGroup;
			children = (
				93B5245813FAF4C10061566A /* libz.1.2.3.dylib */,
				93B5245513FAF0FA0061566A /* CoreGraphics.framework */,
				93B5245113FAF02E0061566A /* MobileCoreServices.framework */,
				93B5244F13FAF01B0061566A /* SystemConfiguration.framework */,
				93B5244D13FAEFFE0061566A /* CFNetwork.framework */,
				93B523C213FA0DB60061566A /* UIKit.framework */,
				93B523C413FA0DB60061566A /* Foundation.framework */,
				93B523C613FA0DB60061566A /* CoreGraphics.framework */,
				93B523E313FA0DB60061566A /* SenTestingKit.framework */,
			);
			name = Frameworks;
			sourceTree = "<group>";
		};
		93B523C813FA0DB60061566A /* iRest */ = {
			isa = PBXGroup;
			children = (
				93B523D113FA0DB60061566A /* iRestAppDelegate.h */,
				93B523D213FA0DB60061566A /* iRestAppDelegate.m */,
				93B523D413FA0DB60061566A /* MainWindow.xib */,
				93B523D713FA0DB60061566A /* iRestViewController.h */,
				93B523D813FA0DB60061566A /* iRestViewController.m */,
				93B523DA13FA0DB60061566A /* iRestViewController.xib */,
				93B523C913FA0DB60061566A /* Supporting Files */,
			);
			path = iRest;
			sourceTree = "<group>";
		};
		93B523C913FA0DB60061566A /* Supporting Files */ = {
			isa = PBXGroup;
			children = (
				93B523CA13FA0DB60061566A /* iRest-Info.plist */,
				93B523CB13FA0DB60061566A /* InfoPlist.strings */,
				93B523CE13FA0DB60061566A /* main.m */,
				93B523D013FA0DB60061566A /* iRest-Prefix.pch */,
			);
			name = "Supporting Files";
			sourceTree = "<group>";
		};
		93B523EA13FA0DB60061566A /* iRestTests */ = {
			isa = PBXGroup;
			children = (
				93B523F013FA0DB60061566A /* iRestTests.h */,
				93B523F213FA0DB60061566A /* iRestTests.m */,
				93B523EB13FA0DB60061566A /* Supporting Files */,
			);
			path = iRestTests;
			sourceTree = "<group>";
		};
		93B523EB13FA0DB60061566A /* Supporting Files */ = {
			isa = PBXGroup;
			children = (
				93B523EC13FA0DB60061566A /* iRestTests-Info.plist */,
				93B523ED13FA0DB60061566A /* InfoPlist.strings */,
			);
			name = "Supporting Files";
			sourceTree = "<group>";
		};
		93B5243513FAEDC60061566A /* ASIHTTP */ = {
			isa = PBXGroup;
			children = (
				93B5243613FAEDC60061566A /* ASIAuthenticationDialog.h */,
				93B5243713FAEDC60061566A /* ASIAuthenticationDialog.m */,
				93B5243813FAEDC60061566A /* ASICacheDelegate.h */,
				93B5243913FAEDC60061566A /* ASIDataCompressor.h */,
				93B5243A13FAEDC60061566A /* ASIDataCompressor.m */,
				93B5243B13FAEDC60061566A /* ASIDataDecompressor.h */,
				93B5243C13FAEDC60061566A /* ASIDataDecompressor.m */,
				93B5243D13FAEDC60061566A /* ASIDownloadCache.h */,
				93B5243E13FAEDC60061566A /* ASIDownloadCache.m */,
				93B5243F13FAEDC60061566A /* ASIFormDataRequest.h */,
				93B5244013FAEDC60061566A /* ASIFormDataRequest.m */,
				93B5244113FAEDC60061566A /* ASIHTTPRequest.h */,
				93B5244213FAEDC60061566A /* ASIHTTPRequest.m */,
				93B5244313FAEDC60061566A /* ASIHTTPRequestConfig.h */,
				93B5244413FAEDC60061566A /* ASIHTTPRequestDelegate.h */,
				93B5244513FAEDC60061566A /* ASIInputStream.h */,
				93B5244613FAEDC60061566A /* ASIInputStream.m */,
				93B5244713FAEDC60061566A /* ASINetworkQueue.h */,
				93B5244813FAEDC60061566A /* ASINetworkQueue.m */,
				93B5244913FAEDC60061566A /* ASIProgressDelegate.h */,
				93B5244A13FAEDC60061566A /* Reachability */,
			);
			path = ASIHTTP;
			sourceTree = "<group>";
		};
		93B5244A13FAEDC60061566A /* Reachability */ = {
			isa = PBXGroup;
			children = (
				93B5244B13FAEDC60061566A /* Reachability.h */,
				93B5244C13FAEDC60061566A /* Reachability.m */,
			);
			path = Reachability;
			sourceTree = "<group>";
		};
/* End PBXGroup section */

/* Begin PBXNativeTarget section */
		93B523BD13FA0DB60061566A /* iRest */ = {
			isa = PBXNativeTarget;
			buildConfigurationList = 93B523F613FA0DB60061566A /* Build configuration list for PBXNativeTarget "iRest" */;
			buildPhases = (
				93B523BA13FA0DB60061566A /* Sources */,
				93B523BB13FA0DB60061566A /* Frameworks */,
				93B523BC13FA0DB60061566A /* Resources */,
			);
			buildRules = (
			);
			dependencies = (
			);
			name = iRest;
			productName = iRest;
			productReference = 93B523BE13FA0DB60061566A /* iRest.app */;
			productType = "com.apple.product-type.application";
		};
		93B523E113FA0DB60061566A /* iRestTests */ = {
			isa = PBXNativeTarget;
			buildConfigurationList = 93B523F913FA0DB60061566A /* Build configuration list for PBXNativeTarget "iRestTests" */;
			buildPhases = (
				93B523DD13FA0DB60061566A /* Sources */,
				93B523DE13FA0DB60061566A /* Frameworks */,
				93B523DF13FA0DB60061566A /* Resources */,
				93B523E013FA0DB60061566A /* ShellScript */,
			);
			buildRules = (
			);
			dependencies = (
				93B523E913FA0DB60061566A /* PBXTargetDependency */,
			);
			name = iRestTests;
			productName = iRestTests;
			productReference = 93B523E213FA0DB60061566A /* iRestTests.octest */;
			productType = "com.apple.product-type.bundle";
		};
/* End PBXNativeTarget section */

/* Begin PBXProject section */
		93B523B513FA0DB60061566A /* Project object */ = {
			isa = PBXProject;
			buildConfigurationList = 93B523B813FA0DB60061566A /* Build configuration list for PBXProject "iRest" */;
			compatibilityVersion = "Xcode 3.2";
			developmentRegion = English;
			hasScannedForEncodings = 0;
			knownRegions = (
				en,
			);
			mainGroup = 93B523B313FA0DB60061566A;
			productRefGroup = 93B523BF13FA0DB60061566A /* Products */;
			projectDirPath = "";
			projectRoot = "";
			targets = (
				93B523BD13FA0DB60061566A /* iRest */,
				93B523E113FA0DB60061566A /* iRestTests */,
			);
		};
/* End PBXProject section */

/* Begin PBXResourcesBuildPhase section */
		93B523BC13FA0DB60061566A /* Resources */ = {
			isa = PBXResourcesBuildPhase;
			buildActionMask = 2147483647;
			files = (
				93B523CD13FA0DB60061566A /* InfoPlist.strings in Resources */,
				93B523D613FA0DB60061566A /* MainWindow.xib in Resources */,
				93B523DC13FA0DB60061566A /* iRestViewController.xib in Resources */,
			);
			runOnlyForDeploymentPostprocessing = 0;
		};
		93B523DF13FA0DB60061566A /* Resources */ = {
			isa = PBXResourcesBuildPhase;
			buildActionMask = 2147483647;
			files = (
				93B523EF13FA0DB60061566A /* InfoPlist.strings in Resources */,
				93B523F113FA0DB60061566A /* iRestTests.h in Resources */,
			);
			runOnlyForDeploymentPostprocessing = 0;
		};
/* End PBXResourcesBuildPhase section */

/* Begin PBXShellScriptBuildPhase section */
		93B523E013FA0DB60061566A /* ShellScript */ = {
			isa = PBXShellScriptBuildPhase;
			buildActionMask = 2147483647;
			files = (
			);
			inputPaths = (
			);
			outputPaths = (
			);
			runOnlyForDeploymentPostprocessing = 0;
			shellPath = /bin/sh;
			shellScript = "# Run the unit tests in this test bundle.\n\"${SYSTEM_DEVELOPER_DIR}/Tools/RunUnitTests\"\n";
		};
/* End PBXShellScriptBuildPhase section */

/* Begin PBXSourcesBuildPhase section */
		93B523BA13FA0DB60061566A /* Sources */ = {
			isa = PBXSourcesBuildPhase;
			buildActionMask = 2147483647;
			files = (
				93B5245B13FAF5C40061566A /* ASIAuthenticationDialog.m in Sources */,
				93B5245C13FAF5C40061566A /* ASIDataCompressor.m in Sources */,
				93B5245D13FAF5C40061566A /* ASIDataDecompressor.m in Sources */,
				93B5245E13FAF5C40061566A /* ASIDownloadCache.m in Sources */,
				93B5245F13FAF5C40061566A /* ASIFormDataRequest.m in Sources */,
				93B5246013FAF5C40061566A /* ASIInputStream.m in Sources */,
				93B5246113FAF5C40061566A /* ASINetworkQueue.m in Sources */,
				93B5246213FAF5C40061566A /* Reachability.m in Sources */,
				93B5245A13FAF59C0061566A /* ASIHTTPRequest.m in Sources */,
				93B523CF13FA0DB60061566A /* main.m in Sources */,
				93B523D313FA0DB60061566A /* iRestAppDelegate.m in Sources */,
				93B523D913FA0DB60061566A /* iRestViewController.m in Sources */,
			);
			runOnlyForDeploymentPostprocessing = 0;
		};
		93B523DD13FA0DB60061566A /* Sources */ = {
			isa = PBXSourcesBuildPhase;
			buildActionMask = 2147483647;
			files = (
				93B523F313FA0DB60061566A /* iRestTests.m in Sources */,
			);
			runOnlyForDeploymentPostprocessing = 0;
		};
/* End PBXSourcesBuildPhase section */

/* Begin PBXTargetDependency section */
		93B523E913FA0DB60061566A /* PBXTargetDependency */ = {
			isa = PBXTargetDependency;
			target = 93B523BD13FA0DB60061566A /* iRest */;
			targetProxy = 93B523E813FA0DB60061566A /* PBXContainerItemProxy */;
		};
/* End PBXTargetDependency section */

/* Begin PBXVariantGroup section */
		93B523CB13FA0DB60061566A /* InfoPlist.strings */ = {
			isa = PBXVariantGroup;
			children = (
				93B523CC13FA0DB60061566A /* en */,
			);
			name = InfoPlist.strings;
			sourceTree = "<group>";
		};
		93B523D413FA0DB60061566A /* MainWindow.xib */ = {
			isa = PBXVariantGroup;
			children = (
				93B523D513FA0DB60061566A /* en */,
			);
			name = MainWindow.xib;
			sourceTree = "<group>";
		};
		93B523DA13FA0DB60061566A /* iRestViewController.xib */ = {
			isa = PBXVariantGroup;
			children = (
				93B523DB13FA0DB60061566A /* en */,
			);
			name = iRestViewController.xib;
			sourceTree = "<group>";
		};
		93B523ED13FA0DB60061566A /* InfoPlist.strings */ = {
			isa = PBXVariantGroup;
			children = (
				93B523EE13FA0DB60061566A /* en */,
			);
			name = InfoPlist.strings;
			sourceTree = "<group>";
		};
/* End PBXVariantGroup section */

/* Begin XCBuildConfiguration section */
		93B523F413FA0DB60061566A /* Debug */ = {
			isa = XCBuildConfiguration;
			buildSettings = {
				ALWAYS_SEARCH_USER_PATHS = NO;
				ARCHS = "$(ARCHS_STANDARD_32_BIT)";
				"CODE_SIGN_IDENTITY[sdk=iphoneos*]" = "iPhone Developer";
				COPY_PHASE_STRIP = NO;
				GCC_C_LANGUAGE_STANDARD = gnu99;
				GCC_DYNAMIC_NO_PIC = NO;
				GCC_OPTIMIZATION_LEVEL = 0;
				GCC_PREPROCESSOR_DEFINITIONS = (
					"DEBUG=1",
					"$(inherited)",
				);
				GCC_SYMBOLS_PRIVATE_EXTERN = NO;
				GCC_VERSION = com.apple.compilers.llvmgcc42;
				GCC_WARN_ABOUT_MISSING_PROTOTYPES = YES;
				GCC_WARN_ABOUT_RETURN_TYPE = YES;
				GCC_WARN_UNUSED_VARIABLE = YES;
				IPHONEOS_DEPLOYMENT_TARGET = 4.3;
				SDKROOT = iphoneos;
			};
			name = Debug;
		};
		93B523F513FA0DB60061566A /* Release */ = {
			isa = XCBuildConfiguration;
			buildSettings = {
				ALWAYS_SEARCH_USER_PATHS = NO;
				ARCHS = "$(ARCHS_STANDARD_32_BIT)";
				"CODE_SIGN_IDENTITY[sdk=iphoneos*]" = "iPhone Developer";
				COPY_PHASE_STRIP = YES;
				GCC_C_LANGUAGE_STANDARD = gnu99;
				GCC_VERSION = com.apple.compilers.llvmgcc42;
				GCC_WARN_ABOUT_MISSING_PROTOTYPES = YES;
				GCC_WARN_ABOUT_RETURN_TYPE = YES;
				GCC_WARN_UNUSED_VARIABLE = YES;
				IPHONEOS_DEPLOYMENT_TARGET = 4.3;
				OTHER_CFLAGS = "-DNS_BLOCK_ASSERTIONS=1";
				SDKROOT = iphoneos;
				VALIDATE_PRODUCT = YES;
			};
			name = Release;
		};
		93B523F713FA0DB60061566A /* Debug */ = {
			isa = XCBuildConfiguration;
			buildSettings = {
				GCC_PRECOMPILE_PREFIX_HEADER = YES;
				GCC_PREFIX_HEADER = "iRest/iRest-Prefix.pch";
				INFOPLIST_FILE = "iRest/iRest-Info.plist";
				PRODUCT_NAME = "$(TARGET_NAME)";
				WRAPPER_EXTENSION = app;
			};
			name = Debug;
		};
		93B523F813FA0DB60061566A /* Release */ = {
			isa = XCBuildConfiguration;
			buildSettings = {
				GCC_PRECOMPILE_PREFIX_HEADER = YES;
				GCC_PREFIX_HEADER = "iRest/iRest-Prefix.pch";
				INFOPLIST_FILE = "iRest/iRest-Info.plist";
				PRODUCT_NAME = "$(TARGET_NAME)";
				WRAPPER_EXTENSION = app;
			};
			name = Release;
		};
		93B523FA13FA0DB60061566A /* Debug */ = {
			isa = XCBuildConfiguration;
			buildSettings = {
				BUNDLE_LOADER = "$(BUILT_PRODUCTS_DIR)/iRest.app/iRest";
				FRAMEWORK_SEARCH_PATHS = (
					"$(SDKROOT)/Developer/Library/Frameworks",
					"$(DEVELOPER_LIBRARY_DIR)/Frameworks",
				);
				GCC_PRECOMPILE_PREFIX_HEADER = YES;
				GCC_PREFIX_HEADER = "iRest/iRest-Prefix.pch";
				INFOPLIST_FILE = "iRestTests/iRestTests-Info.plist";
				PRODUCT_NAME = "$(TARGET_NAME)";
				TEST_HOST = "$(BUNDLE_LOADER)";
				WRAPPER_EXTENSION = octest;
			};
			name = Debug;
		};
		93B523FB13FA0DB60061566A /* Release */ = {
			isa = XCBuildConfiguration;
			buildSettings = {
				BUNDLE_LOADER = "$(BUILT_PRODUCTS_DIR)/iRest.app/iRest";
				FRAMEWORK_SEARCH_PATHS = (
					"$(SDKROOT)/Developer/Library/Frameworks",
					"$(DEVELOPER_LIBRARY_DIR)/Frameworks",
				);
				GCC_PRECOMPILE_PREFIX_HEADER = YES;
				GCC_PREFIX_HEADER = "iRest/iRest-Prefix.pch";
				INFOPLIST_FILE = "iRestTests/iRestTests-Info.plist";
				PRODUCT_NAME = "$(TARGET_NAME)";
				TEST_HOST = "$(BUNDLE_LOADER)";
				WRAPPER_EXTENSION = octest;
			};
			name = Release;
		};
/* End XCBuildConfiguration section */

/* Begin XCConfigurationList section */
		93B523B813FA0DB60061566A /* Build configuration list for PBXProject "iRest" */ = {
			isa = XCConfigurationList;
			buildConfigurations = (
				93B523F413FA0DB60061566A /* Debug */,
				93B523F513FA0DB60061566A /* Release */,
			);
			defaultConfigurationIsVisible = 0;
			defaultConfigurationName = Release;
		};
		93B523F613FA0DB60061566A /* Build configuration list for PBXNativeTarget "iRest" */ = {
			isa = XCConfigurationList;
			buildConfigurations = (
				93B523F713FA0DB60061566A /* Debug */,
				93B523F813FA0DB60061566A /* Release */,
			);
			defaultConfigurationIsVisible = 0;
		};
		93B523F913FA0DB60061566A /* Build configuration list for PBXNativeTarget "iRestTests" */ = {
			isa = XCConfigurationList;
			buildConfigurations = (
				93B523FA13FA0DB60061566A /* Debug */,
				93B523FB13FA0DB60061566A /* Release */,
			);
			defaultConfigurationIsVisible = 0;
		};
/* End XCConfigurationList section */
	};
	rootObject = 93B523B513FA0DB60061566A /* Project object */;
}
